
Microsoft Visual Studio Solution File, Format Version 12.00
# Visual Studio Version 17
VisualStudioVersion = 17.11.35222.181
MinimumVisualStudioVersion = 10.0.40219.1
Project("{FAE04EC0-301F-11D3-BF4B-00C04F79EFBC}") = "WindowsFormsApp1", "WindowsFormsApp1\WindowsFormsApp1.csproj", "{9E324D11-1A9A-4290-859A-3D918B1836F6}"
EndProject
Project("{FAE04EC0-301F-11D3-BF4B-00C04F79EFBC}") = "ejemplo1", "ejemplo1\ejemplo1.csproj", "{2DD6BFFB-ABF8-42E5-86D3-F93D809EBE8D}"
EndProject
Project("{FAE04EC0-301F-11D3-BF4B-00C04F79EFBC}") = "DateTimeDato", "DateTime\DateTimeDato.csproj", "{CA0E280F-BB01-4F2C-A1E3-628510410855}"
EndProject
Project("{FAE04EC0-301F-11D3-BF4B-00C04F79EFBC}") = "Practica5", "Practica5\Practica5.csproj", "{073A58A0-2A6C-4F6F-9361-0EF8E9F4C2E4}"
EndProject
Global
	GlobalSection(SolutionConfigurationPlatforms) = preSolution
		Debug|Any CPU = Debug|Any CPU
		Release|Any CPU = Release|Any CPU
	EndGlobalSection
	GlobalSection(ProjectConfigurationPlatforms) = postSolution
		{9E324D11-1A9A-4290-859A-3D918B1836F6}.Debug|Any CPU.ActiveCfg = Debug|Any CPU
		{9E324D11-1A9A-4290-859A-3D918B1836F6}.Debug|Any CPU.Build.0 = Debug|Any CPU
		{9E324D11-1A9A-4290-859A-3D918B1836F6}.Release|Any CPU.ActiveCfg = Release|Any CPU
		{9E324D11-1A9A-4290-859A-3D918B1836F6}.Release|Any CPU.Build.0 = Release|Any CPU
		{2DD6BFFB-ABF8-42E5-86D3-F93D809EBE8D}.Debug|Any CPU.ActiveCfg = Debug|Any CPU
		{2DD6BFFB-ABF8-42E5-86D3-F93D809EBE8D}.Debug|Any CPU.Build.0 = Debug|Any CPU
		{2DD6BFFB-ABF8-42E5-86D3-F93D809EBE8D}.Release|Any CPU.ActiveCfg = Release|Any CPU
		{2DD6BFFB-ABF8-42E5-86D3-F93D809EBE8D}.Release|Any CPU.Build.0 = Release|Any CPU
		{CA0E280F-BB01-4F2C-A1E3-628510410855}.Debug|Any CPU.ActiveCfg = Debug|Any CPU
		{CA0E280F-BB01-4F2C-A1E3-628510410855}.Debug|Any CPU.Build.0 = Debug|Any CPU
		{CA0E280F-BB01-4F2C-A1E3-628510410855}.Release|Any CPU.ActiveCfg = Release|Any CPU
		{CA0E280F-BB01-4F2C-A1E3-628510410855}.Release|Any CPU.Build.0 = Release|Any CPU
		{073A58A0-2A6C-4F6F-9361-0EF8E9F4C2E4}.Debug|Any CPU.ActiveCfg = Debug|Any CPU
		{073A58A0-2A6C-4F6F-9361-0EF8E9F4C2E4}.Debug|Any CPU.Build.0 = Debug|Any CPU
		{073A58A0-2A6C-4F6F-9361-0EF8E9F4C2E4}.Release|Any CPU.ActiveCfg = Release|Any CPU
		{073A58A0-2A6C-4F6F-9361-0EF8E9F4C2E4}.Release|Any CPU.Build.0 = Release|Any CPU
	EndGlobalSection
	GlobalSection(SolutionProperties) = preSolution
		HideSolutionNode = FALSE
	EndGlobalSection
	GlobalSection(ExtensibilityGlobals) = postSolution
		SolutionGuid = {CF824141-84E3-4AA3-B8E8-29E1141B4A2F}
	EndGlobalSection
EndGlobal
